// !$*UTF8*$!
{
	archiveVersion = 1;
	classes = {
	};
	objectVersion = 46;
	objects = {

/* Begin PBXBuildFile section */
		19FE7FC71D5705D80091ECA9 /* main.m in Sources */ = {isa = PBXBuildFile; fileRef = 19FE7FC61D5705D80091ECA9 /* main.m */; };
		19FE7FCA1D5705D80091ECA9 /* AppDelegate.m in Sources */ = {isa = PBXBuildFile; fileRef = 19FE7FC91D5705D80091ECA9 /* AppDelegate.m */; };
		19FE7FCD1D5705D80091ECA9 /* ViewController.m in Sources */ = {isa = PBXBuildFile; fileRef = 19FE7FCC1D5705D80091ECA9 /* ViewController.m */; };
		19FE7FD01D5705D80091ECA9 /* Main.storyboard in Resources */ = {isa = PBXBuildFile; fileRef = 19FE7FCE1D5705D80091ECA9 /* Main.storyboard */; };
		19FE7FD21D5705D80091ECA9 /* Assets.xcassets in Resources */ = {isa = PBXBuildFile; fileRef = 19FE7FD11D5705D80091ECA9 /* Assets.xcassets */; };
		19FE7FD51D5705D80091ECA9 /* LaunchScreen.storyboard in Resources */ = {isa = PBXBuildFile; fileRef = 19FE7FD31D5705D80091ECA9 /* LaunchScreen.storyboard */; };
/* End PBXBuildFile section */

/* Begin PBXFileReference section */
		19FE7FC21D5705D80091ECA9 /* LineChart.app */ = {isa = PBXFileReference; explicitFileType = wrapper.application; includeInIndex = 0; path = LineChart.app; sourceTree = BUILT_PRODUCTS_DIR; };
		19FE7FC61D5705D80091ECA9 /* main.m */ = {isa = PBXFileReference; lastKnownFileType = sourcecode.c.objc; path = main.m; sourceTree = "<group>"; };
		19FE7FC81D5705D80091ECA9 /* AppDelegate.h */ = {isa = PBXFileReference; lastKnownFileType = sourcecode.c.h; path = AppDelegate.h; sourceTree = "<group>"; };
		19FE7FC91D5705D80091ECA9 /* AppDelegate.m */ = {isa = PBXFileReference; lastKnownFileType = sourcecode.c.objc; path = AppDelegate.m; sourceTree = "<group>"; };
		19FE7FCB1D5705D80091ECA9 /* ViewController.h */ = {isa = PBXFileReference; lastKnownFileType = sourcecode.c.h; path = ViewController.h; sourceTree = "<group>"; };
		19FE7FCC1D5705D80091ECA9 /* ViewController.m */ = {isa = PBXFileReference; lastKnownFileType = sourcecode.c.objc; path = ViewController.m; sourceTree = "<group>"; };
		19FE7FCF1D5705D80091ECA9 /* Base */ = {isa = PBXFileReference; lastKnownFileType = file.storyboard; name = Base; path = Base.lproj/Main.storyboard; sourceTree = "<group>"; };
		19FE7FD11D5705D80091ECA9 /* Assets.xcassets */ = {isa = PBXFileReference; lastKnownFileType = folder.assetcatalog; path = Assets.xcassets; sourceTree = "<group>"; };
		19FE7FD41D5705D80091ECA9 /* Base */ = {isa = PBXFileReference; lastKnownFileType = file.storyboard; name = Base; path = Base.lproj/LaunchScreen.storyboard; sourceTree = "<group>"; };
		19FE7FD61D5705D80091ECA9 /* Info.plist */ = {isa = PBXFileReference; lastKnownFileType = text.plist.xml; path = Info.plist; sourceTree = "<group>"; };
/* End PBXFileReference section */

/* Begin PBXFrameworksBuildPhase section */
		19FE7FBF1D5705D80091ECA9 /* Frameworks */ = {
			isa = PBXFrameworksBuildPhase;
			buildActionMask = 2147483647;
			files = (
			);
			runOnlyForDeploymentPostprocessing = 0;
		};
/* End PBXFrameworksBuildPhase section */

/* Begin PBXGroup section */
		19FE7FB91D5705D80091ECA9 = {
			isa = PBXGroup;
			children = (
				19FE7FC41D5705D80091ECA9 /* LineChart */,
				19FE7FC31D5705D80091ECA9 /* Products */,
			);
			sourceTree = "<group>";
		};
		19FE7FC31D5705D80091ECA9 /* Products */ = {
			isa = PBXGroup;
			children = (
				19FE7FC21D5705D80091ECA9 /* LineChart.app */,
			);
			name = Products;
			sourceTree = "<group>";
		};
		19FE7FC41D5705D80091ECA9 /* LineChart */ = {
			isa = PBXGroup;
			children = (
				19FE7FC81D5705D80091ECA9 /* AppDelegate.h */,
				19FE7FC91D5705D80091ECA9 /* AppDelegate.m */,
				19FE7FCB1D5705D80091ECA9 /* ViewController.h */,
				19FE7FCC1D5705D80091ECA9 /* ViewController.m */,
				19FE7FCE1D5705D80091ECA9 /* Main.storyboard */,
				19FE7FD11D5705D80091ECA9 /* Assets.xcassets */,
				19FE7FD31D5705D80091ECA9 /* LaunchScreen.storyboard */,
				19FE7FD61D5705D80091ECA9 /* Info.plist */,
				19FE7FC51D5705D80091ECA9 /* Supporting Files */,
			);
			path = LineChart;
			sourceTree = "<group>";
		};
		19FE7FC51D5705D80091ECA9 /* Supporting Files */ = {
			isa = PBXGroup;
			children = (
				19FE7FC61D5705D80091ECA9 /* main.m */,
			);
			name = "Supporting Files";
			sourceTree = "<group>";
		};
/* End PBXGroup section */

/* Begin PBXNativeTarget section */
		19FE7FC11D5705D80091ECA9 /* LineChart */ = {
			isa = PBXNativeTarget;
			buildConfigurationList = 19FE7FD91D5705D80091ECA9 /* Build configuration list for PBXNativeTarget "LineChart" */;
			buildPhases = (
				19FE7FBE1D5705D80091ECA9 /* Sources */,
				19FE7FBF1D5705D80091ECA9 /* Frameworks */,
				19FE7FC01D5705D80091ECA9 /* Resources */,
			);
			buildRules = (
			);
			dependencies = (
			);
			name = LineChart;
			productName = LineChart;
			productReference = 19FE7FC21D5705D80091ECA9 /* LineChart.app */;
			productType = "com.apple.product-type.application";
		};
/* End PBXNativeTarget section */

/* Begin PBXProject section */
		19FE7FBA1D5705D80091ECA9 /* Project object */ = {
			isa = PBXProject;
			attributes = {
				LastUpgradeCheck = 0730;
				ORGANIZATIONNAME = "袁云龙";
				TargetAttributes = {
					19FE7FC11D5705D80091ECA9 = {
						CreatedOnToolsVersion = 7.3.1;
					};
				};
			};
			buildConfigurationList = 19FE7FBD1D5705D80091ECA9 /* Build configuration list for PBXProject "LineChart" */;
			compatibilityVersion = "Xcode 3.2";
			developmentRegion = English;
			hasScannedForEncodings = 0;
			knownRegions = (
				en,
				Base,
			);
			mainGroup = 19FE7FB91D5705D80091ECA9;
			productRefGroup = 19FE7FC31D5705D80091ECA9 /* Products */;
			projectDirPath = "";
			projectRoot = "";
			targets = (
				19FE7FC11D5705D80091ECA9 /* LineChart */,
			);
		};
/* End PBXProject section */

/* Begin PBXResourcesBuildPhase section */
		19FE7FC01D5705D80091ECA9 /* Resources */ = {
			isa = PBXResourcesBuildPhase;
			buildActionMask = 2147483647;
			files = (
				19FE7FD51D5705D80091ECA9 /* LaunchScreen.storyboard in Resources */,
				19FE7FD21D5705D80091ECA9 /* Assets.xcassets in Resources */,
				19FE7FD01D5705D80091ECA9 /* Main.storyboard in Resources */,
			);
			runOnlyForDeploymentPostprocessing = 0;
		};
/* End PBXResourcesBuildPhase section */

/* Begin PBXSourcesBuildPhase section */
		19FE7FBE1D5705D80091ECA9 /* Sources */ = {
			isa = PBXSourcesBuildPhase;
			buildActionMask = 2147483647;
			files = (
				19FE7FCD1D5705D80091ECA9 /* ViewController.m in Sources */,
				19FE7FCA1D5705D80091ECA9 /* AppDelegate.m in Sources */,
				19FE7FC71D5705D80091ECA9 /* main.m in Sources */,
			);
			runOnlyForDeploymentPostprocessing = 0;
		};
/* End PBXSourcesBuildPhase section */

/* Begin PBXVariantGroup section */
		19FE7FCE1D5705D80091ECA9 /* Main.storyboard */ = {
			isa = PBXVariantGroup;
			children = (
				19FE7FCF1D5705D80091ECA9 /* Base */,
			);
			name = Main.storyboard;
			sourceTree = "<group>";
		};
		19FE7FD31D5705D80091ECA9 /* LaunchScreen.storyboard */ = {
			isa = PBXVariantGroup;
			children = (
				19FE7FD41D5705D80091ECA9 /* Base */,
			);
			name = LaunchScreen.storyboard;
			sourceTree = "<group>";
		};
/* End PBXVariantGroup section */

/* Begin XCBuildConfiguration section */
		19FE7FD71D5705D80091ECA9 /* Debug */ = {
			isa = XCBuildConfiguration;
			buildSettings = {
				ALWAYS_SEARCH_USER_PATHS = NO;
				CLANG_ANALYZER_NONNULL = YES;
				CLANG_CXX_LANGUAGE_STANDARD = "gnu++0x";
				CLANG_CXX_LIBRARY = "libc++";
				CLANG_ENABLE_MODULES = YES;
				CLANG_ENABLE_OBJC_ARC = YES;
				CLANG_WARN_BOOL_CONVERSION = YES;
				CLANG_WARN_CONSTANT_CONVERSION = YES;
				CLANG_WARN_DIRECT_OBJC_ISA_USAGE = YES_ERROR;
				CLANG_WARN_EMPTY_BODY = YES;
				CLANG_WARN_ENUM_CONVERSION = YES;
				CLANG_WARN_INT_CONVERSION = YES;
				CLANG_WARN_OBJC_ROOT_CLASS = YES_ERROR;
				CLANG_WARN_UNREACHABLE_CODE = YES;
				CLANG_WARN__DUPLICATE_METHOD_MATCH = YES;
				"CODE_SIGN_IDENTITY[sdk=iphoneos*]" = "iPhone Developer";
				COPY_PHASE_STRIP = NO;
				DEBUG_INFORMATION_FORMAT = dwarf;
				ENABLE_STRICT_OBJC_MSGSEND = YES;
				ENABLE_TESTABILITY = YES;
				GCC_C_LANGUAGE_STANDARD = gnu99;
				GCC_DYNAMIC_NO_PIC = NO;
				GCC_NO_COMMON_BLOCKS = YES;
				GCC_OPTIMIZATION_LEVEL = 0;
				GCC_PREPROCESSOR_DEFINITIONS = (
					"DEBUG=1",
					"$(inherited)",
				);
				GCC_WARN_64_TO_32_BIT_CONVERSION = YES;
				GCC_WARN_ABOUT_RETURN_TYPE = YES_ERROR;
				GCC_WARN_UNDECLARED_SELECTOR = YES;
				GCC_WARN_UNINITIALIZED_AUTOS = YES_AGGRESSIVE;
				GCC_WARN_UNUSED_FUNCTION = YES;
				GCC_WARN_UNUSED_VARIABLE = YES;
				IPHONEOS_DEPLOYMENT_TARGET = 9.3;
				MTL_ENABLE_DEBUG_INFO = YES;
				ONLY_ACTIVE_ARCH = YES;
				SDKROOT = iphoneos;
				TARGETED_DEVICE_FAMILY = "1,2";
			};
			name = Debug;
		};
		19FE7FD81D5705D80091ECA9 /* Release */ = {
			isa = XCBuildConfiguration;
			buildSettings = {
				ALWAYS_SEARCH_USER_PATHS = NO;
				CLANG_ANALYZER_NONNULL = YES;
				CLANG_CXX_LANGUAGE_STANDARD = "gnu++0x";
				CLANG_CXX_LIBRARY = "libc++";
				CLANG_ENABLE_MODULES = YES;
				CLANG_ENABLE_OBJC_ARC = YES;
				CLANG_WARN_BOOL_CONVERSION = YES;
				CLANG_WARN_CONSTANT_CONVERSION = YES;
				CLANG_WARN_DIRECT_OBJC_ISA_USAGE = YES_ERROR;
				CLANG_WARN_EMPTY_BODY = YES;
				CLANG_WARN_ENUM_CONVERSION = YES;
				CLANG_WARN_INT_CONVERSION = YES;
				CLANG_WARN_OBJC_ROOT_CLASS = YES_ERROR;
				CLANG_WARN_UNREACHABLE_CODE = YES;
				CLANG_WARN__DUPLICATE_METHOD_MATCH = YES;
				"CODE_SIGN_IDENTITY[sdk=iphoneos*]" = "iPhone Developer";
				COPY_PHASE_STRIP = NO;
				DEBUG_INFORMATION_FORMAT = "dwarf-with-dsym";
				ENABLE_NS_ASSERTIONS = NO;
				ENABLE_STRICT_OBJC_MSGSEND = YES;
				GCC_C_LANGUAGE_STANDARD = gnu99;
				GCC_NO_COMMON_BLOCKS = YES;
				GCC_WARN_64_TO_32_BIT_CONVERSION = YES;
				GCC_WARN_ABOUT_RETURN_TYPE = YES_ERROR;
				GCC_WARN_UNDECLARED_SELECTOR = YES;
				GCC_WARN_UNINITIALIZED_AUTOS = YES_AGGRESSIVE;
				GCC_WARN_UNUSED_FUNCTION = YES;
				GCC_WARN_UNUSED_VARIABLE = YES;
				IPHONEOS_DEPLOYMENT_TARGET = 9.3;
				MTL_ENABLE_DEBUG_INFO = NO;
				SDKROOT = iphoneos;
				TARGETED_DEVICE_FAMILY = "1,2";
				VALIDATE_PRODUCT = YES;
			};
			name = Release;
		};
		19FE7FDA1D5705D80091ECA9 /* Debug */ = {
			isa = XCBuildConfiguration;
			buildSettings = {
				ASSETCATALOG_COMPILER_APPICON_NAME = AppIcon;
				INFOPLIST_FILE = LineChart/Info.plist;
				LD_RUNPATH_SEARCH_PATHS = "$(inherited) @executable_path/Frameworks";
				PRODUCT_BUNDLE_IDENTIFIER = com.yy.LineChart;
				PRODUCT_NAME = "$(TARGET_NAME)";
			};
			name = Debug;
		};
		19FE7FDB1D5705D80091ECA9 /* Release */ = {
			isa = XCBuildConfiguration;
			buildSettings = {
				ASSETCATALOG_COMPILER_APPICON_NAME = AppIcon;
				INFOPLIST_FILE = LineChart/Info.plist;
				LD_RUNPATH_SEARCH_PATHS = "$(inherited) @executable_path/Frameworks";
				PRODUCT_BUNDLE_IDENTIFIER = com.yy.LineChart;
				PRODUCT_NAME = "$(TARGET_NAME)";
			};
			name = Release;
		};
/* End XCBuildConfiguration section */

/* Begin XCConfigurationList section */
		19FE7FBD1D5705D80091ECA9 /* Build configuration list for PBXProject "LineChart" */ = {
			isa = XCConfigurationList;
			buildConfigurations = (
				19FE7FD71D5705D80091ECA9 /* Debug */,
				19FE7FD81D5705D80091ECA9 /* Release */,
			);
			defaultConfigurationIsVisible = 0;
			defaultConfigurationName = Release;
		};
		19FE7FD91D5705D80091ECA9 /* Build configuration list for PBXNativeTarget "LineChart" */ = {
			isa = XCConfigurationList;
			buildConfigurations = (
				19FE7FDA1D5705D80091ECA9 /* Debug */,
				19FE7FDB1D5705D80091ECA9 /* Release */,
			);
			defaultConfigurationIsVisible = 0;
		};
/* End XCConfigurationList section */
	};
	rootObject = 19FE7FBA1D5705D80091ECA9 /* Project object */;
}
